
Microsoft Visual Studio Solution File, Format Version 12.00
# Visual Studio 15
VisualStudioVersion = 15.0.26228.4
MinimumVisualStudioVersion = 10.0.40219.1
Project("{FAE04EC0-301F-11D3-BF4B-00C04F79EFBC}") = "cornetTask", "VidlyStore\cornetTask.csproj", "{C8672DBD-0D85-4ED9-A092-4D7A19CCED9C}"
EndProject
Global
	GlobalSection(SolutionConfigurationPlatforms) = preSolution
		Debug|Any CPU = Debug|Any CPU
		Release|Any CPU = Release|Any CPU
	EndGlobalSection
	GlobalSection(ProjectConfigurationPlatforms) = postSolution
		{C8672DBD-0D85-4ED9-A092-4D7A19CCED9C}.Debug|Any CPU.ActiveCfg = Debug|Any CPU
		{C8672DBD-0D85-4ED9-A092-4D7A19CCED9C}.Debug|Any CPU.Build.0 = Debug|Any CPU
		{C8672DBD-0D85-4ED9-A092-4D7A19CCED9C}.Release|Any CPU.ActiveCfg = Release|Any CPU
		{C8672DBD-0D85-4ED9-A092-4D7A19CCED9C}.Release|Any CPU.Build.0 = Release|Any CPU
	EndGlobalSection
	GlobalSection(SolutionProperties) = preSolution
		HideSolutionNode = FALSE
	EndGlobalSection
	GlobalSection(ExtensibilityGlobals) = postSolution
		SolutionGuid = {66BF6DF8-04A4-4AFE-A6BA-845E8BFA8186}
	EndGlobalSection
EndGlobal
